// !$*UTF8*$!
{
	archiveVersion = 1;
	classes = {
	};
	objectVersion = 50;
	objects = {

/* Begin PBXBuildFile section */
		739FD45F22F5DF6C00ED9760 /* AppDelegate.swift in Sources */ = {isa = PBXBuildFile; fileRef = 739FD45E22F5DF6C00ED9760 /* AppDelegate.swift */; };
		739FD46122F5DF6C00ED9760 /* ViewController.swift in Sources */ = {isa = PBXBuildFile; fileRef = 739FD46022F5DF6C00ED9760 /* ViewController.swift */; };
		739FD46422F5DF6C00ED9760 /* Main.storyboard in Resources */ = {isa = PBXBuildFile; fileRef = 739FD46222F5DF6C00ED9760 /* Main.storyboard */; };
		739FD46622F5DF6D00ED9760 /* Assets.xcassets in Resources */ = {isa = PBXBuildFile; fileRef = 739FD46522F5DF6D00ED9760 /* Assets.xcassets */; };
		739FD46922F5DF6D00ED9760 /* LaunchScreen.storyboard in Resources */ = {isa = PBXBuildFile; fileRef = 739FD46722F5DF6D00ED9760 /* LaunchScreen.storyboard */; };
/* End PBXBuildFile section */

/* Begin PBXFileReference section */
		739FD45B22F5DF6C00ED9760 /* Dereport.app */ = {isa = PBXFileReference; explicitFileType = wrapper.application; includeInIndex = 0; path = Dereport.app; sourceTree = BUILT_PRODUCTS_DIR; };
		739FD45E22F5DF6C00ED9760 /* AppDelegate.swift */ = {isa = PBXFileReference; lastKnownFileType = sourcecode.swift; path = AppDelegate.swift; sourceTree = "<group>"; };
		739FD46022F5DF6C00ED9760 /* ViewController.swift */ = {isa = PBXFileReference; lastKnownFileType = sourcecode.swift; path = ViewController.swift; sourceTree = "<group>"; };
		739FD46322F5DF6C00ED9760 /* Base */ = {isa = PBXFileReference; lastKnownFileType = file.storyboard; name = Base; path = Base.lproj/Main.storyboard; sourceTree = "<group>"; };
		739FD46522F5DF6D00ED9760 /* Assets.xcassets */ = {isa = PBXFileReference; lastKnownFileType = folder.assetcatalog; path = Assets.xcassets; sourceTree = "<group>"; };
		739FD46822F5DF6D00ED9760 /* Base */ = {isa = PBXFileReference; lastKnownFileType = file.storyboard; name = Base; path = Base.lproj/LaunchScreen.storyboard; sourceTree = "<group>"; };
		739FD46A22F5DF6D00ED9760 /* Info.plist */ = {isa = PBXFileReference; lastKnownFileType = text.plist.xml; path = Info.plist; sourceTree = "<group>"; };
/* End PBXFileReference section */

/* Begin PBXFrameworksBuildPhase section */
		739FD45822F5DF6C00ED9760 /* Frameworks */ = {
			isa = PBXFrameworksBuildPhase;
			buildActionMask = 2147483647;
			files = (
			);
			runOnlyForDeploymentPostprocessing = 0;
		};
/* End PBXFrameworksBuildPhase section */

/* Begin PBXGroup section */
		739FD45222F5DF6C00ED9760 = {
			isa = PBXGroup;
			children = (
				739FD45D22F5DF6C00ED9760 /* Dereport */,
				739FD45C22F5DF6C00ED9760 /* Products */,
			);
			sourceTree = "<group>";
		};
		739FD45C22F5DF6C00ED9760 /* Products */ = {
			isa = PBXGroup;
			children = (
				739FD45B22F5DF6C00ED9760 /* Dereport.app */,
			);
			name = Products;
			sourceTree = "<group>";
		};
		739FD45D22F5DF6C00ED9760 /* Dereport */ = {
			isa = PBXGroup;
			children = (
				739FD45E22F5DF6C00ED9760 /* AppDelegate.swift */,
				739FD46022F5DF6C00ED9760 /* ViewController.swift */,
				739FD46222F5DF6C00ED9760 /* Main.storyboard */,
				739FD46522F5DF6D00ED9760 /* Assets.xcassets */,
				739FD46722F5DF6D00ED9760 /* LaunchScreen.storyboard */,
				739FD46A22F5DF6D00ED9760 /* Info.plist */,
			);
			path = Dereport;
			sourceTree = "<group>";
		};
/* End PBXGroup section */

/* Begin PBXNativeTarget section */
		739FD45A22F5DF6C00ED9760 /* Dereport */ = {
			isa = PBXNativeTarget;
			buildConfigurationList = 739FD46D22F5DF6D00ED9760 /* Build configuration list for PBXNativeTarget "Dereport" */;
			buildPhases = (
				739FD45722F5DF6C00ED9760 /* Sources */,
				739FD45822F5DF6C00ED9760 /* Frameworks */,
				739FD45922F5DF6C00ED9760 /* Resources */,
			);
			buildRules = (
			);
			dependencies = (
			);
			name = Dereport;
			productName = Dereport;
			productReference = 739FD45B22F5DF6C00ED9760 /* Dereport.app */;
			productType = "com.apple.product-type.application";
		};
/* End PBXNativeTarget section */

/* Begin PBXProject section */
		739FD45322F5DF6C00ED9760 /* Project object */ = {
			isa = PBXProject;
			attributes = {
				LastSwiftUpdateCheck = 1030;
				LastUpgradeCheck = 1030;
				ORGANIZATIONNAME = "Kaisei Sunaga";
				TargetAttributes = {
					739FD45A22F5DF6C00ED9760 = {
						CreatedOnToolsVersion = 10.3;
					};
				};
			};
			buildConfigurationList = 739FD45622F5DF6C00ED9760 /* Build configuration list for PBXProject "Dereport" */;
			compatibilityVersion = "Xcode 9.3";
			developmentRegion = en;
			hasScannedForEncodings = 0;
			knownRegions = (
				en,
				Base,
			);
			mainGroup = 739FD45222F5DF6C00ED9760;
			productRefGroup = 739FD45C22F5DF6C00ED9760 /* Products */;
			projectDirPath = "";
			projectRoot = "";
			targets = (
				739FD45A22F5DF6C00ED9760 /* Dereport */,
			);
		};
/* End PBXProject section */

/* Begin PBXResourcesBuildPhase section */
		739FD45922F5DF6C00ED9760 /* Resources */ = {
			isa = PBXResourcesBuildPhase;
			buildActionMask = 2147483647;
			files = (
				739FD46922F5DF6D00ED9760 /* LaunchScreen.storyboard in Resources */,
				739FD46622F5DF6D00ED9760 /* Assets.xcassets in Resources */,
				739FD46422F5DF6C00ED9760 /* Main.storyboard in Resources */,
			);
			runOnlyForDeploymentPostprocessing = 0;
		};
/* End PBXResourcesBuildPhase section */

/* Begin PBXSourcesBuildPhase section */
		739FD45722F5DF6C00ED9760 /* Sources */ = {
			isa = PBXSourcesBuildPhase;
			buildActionMask = 2147483647;
			files = (
				739FD46122F5DF6C00ED9760 /* ViewController.swift in Sources */,
				739FD45F22F5DF6C00ED9760 /* AppDelegate.swift in Sources */,
			);
			runOnlyForDeploymentPostprocessing = 0;
		};
/* End PBXSourcesBuildPhase section */

/* Begin PBXVariantGroup section */
		739FD46222F5DF6C00ED9760 /* Main.storyboard */ = {
			isa = PBXVariantGroup;
			children = (
				739FD46322F5DF6C00ED9760 /* Base */,
			);
			name = Main.storyboard;
			sourceTree = "<group>";
		};
		739FD46722F5DF6D00ED9760 /* LaunchScreen.storyboard */ = {
			isa = PBXVariantGroup;
			children = (
				739FD46822F5DF6D00ED9760 /* Base */,
			);
			name = LaunchScreen.storyboard;
			sourceTree = "<group>";
		};
/* End PBXVariantGroup section */

/* Begin XCBuildConfiguration section */
		739FD46B22F5DF6D00ED9760 /* Debug */ = {
			isa = XCBuildConfiguration;
			buildSettings = {
				ALWAYS_SEARCH_USER_PATHS = NO;
				CLANG_ANALYZER_NONNULL = YES;
				CLANG_ANALYZER_NUMBER_OBJECT_CONVERSION = YES_AGGRESSIVE;
				CLANG_CXX_LANGUAGE_STANDARD = "gnu++14";
				CLANG_CXX_LIBRARY = "libc++";
				CLANG_ENABLE_MODULES = YES;
				CLANG_ENABLE_OBJC_ARC = YES;
				CLANG_ENABLE_OBJC_WEAK = YES;
				CLANG_WARN_BLOCK_CAPTURE_AUTORELEASING = YES;
				CLANG_WARN_BOOL_CONVERSION = YES;
				CLANG_WARN_COMMA = YES;
				CLANG_WARN_CONSTANT_CONVERSION = YES;
				CLANG_WARN_DEPRECATED_OBJC_IMPLEMENTATIONS = YES;
				CLANG_WARN_DIRECT_OBJC_ISA_USAGE = YES_ERROR;
				CLANG_WARN_DOCUMENTATION_COMMENTS = YES;
				CLANG_WARN_EMPTY_BODY = YES;
				CLANG_WARN_ENUM_CONVERSION = YES;
				CLANG_WARN_INFINITE_RECURSION = YES;
				CLANG_WARN_INT_CONVERSION = YES;
				CLANG_WARN_NON_LITERAL_NULL_CONVERSION = YES;
				CLANG_WARN_OBJC_IMPLICIT_RETAIN_SELF = YES;
				CLANG_WARN_OBJC_LITERAL_CONVERSION = YES;
				CLANG_WARN_OBJC_ROOT_CLASS = YES_ERROR;
				CLANG_WARN_RANGE_LOOP_ANALYSIS = YES;
				CLANG_WARN_STRICT_PROTOTYPES = YES;
				CLANG_WARN_SUSPICIOUS_MOVE = YES;
				CLANG_WARN_UNGUARDED_AVAILABILITY = YES_AGGRESSIVE;
				CLANG_WARN_UNREACHABLE_CODE = YES;
				CLANG_WARN__DUPLICATE_METHOD_MATCH = YES;
				CODE_SIGN_IDENTITY = "iPhone Developer";
				COPY_PHASE_STRIP = NO;
				DEBUG_INFORMATION_FORMAT = dwarf;
				ENABLE_STRICT_OBJC_MSGSEND = YES;
				ENABLE_TESTABILITY = YES;
				GCC_C_LANGUAGE_STANDARD = gnu11;
				GCC_DYNAMIC_NO_PIC = NO;
				GCC_NO_COMMON_BLOCKS = YES;
				GCC_OPTIMIZATION_LEVEL = 0;
				GCC_PREPROCESSOR_DEFINITIONS = (
					"DEBUG=1",
					"$(inherited)",
				);
				GCC_WARN_64_TO_32_BIT_CONVERSION = YES;
				GCC_WARN_ABOUT_RETURN_TYPE = YES_ERROR;
				GCC_WARN_UNDECLARED_SELECTOR = YES;
				GCC_WARN_UNINITIALIZED_AUTOS = YES_AGGRESSIVE;
				GCC_WARN_UNUSED_FUNCTION = YES;
				GCC_WARN_UNUSED_VARIABLE = YES;
				IPHONEOS_DEPLOYMENT_TARGET = 12.4;
				MTL_ENABLE_DEBUG_INFO = INCLUDE_SOURCE;
				MTL_FAST_MATH = YES;
				ONLY_ACTIVE_ARCH = YES;
				SDKROOT = iphoneos;
				SWIFT_ACTIVE_COMPILATION_CONDITIONS = DEBUG;
				SWIFT_OPTIMIZATION_LEVEL = "-Onone";
			};
			name = Debug;
		};
		739FD46C22F5DF6D00ED9760 /* Release */ = {
			isa = XCBuildConfiguration;
			buildSettings = {
				ALWAYS_SEARCH_USER_PATHS = NO;
				CLANG_ANALYZER_NONNULL = YES;
				CLANG_ANALYZER_NUMBER_OBJECT_CONVERSION = YES_AGGRESSIVE;
				CLANG_CXX_LANGUAGE_STANDARD = "gnu++14";
				CLANG_CXX_LIBRARY = "libc++";
				CLANG_ENABLE_MODULES = YES;
				CLANG_ENABLE_OBJC_ARC = YES;
				CLANG_ENABLE_OBJC_WEAK = YES;
				CLANG_WARN_BLOCK_CAPTURE_AUTORELEASING = YES;
				CLANG_WARN_BOOL_CONVERSION = YES;
				CLANG_WARN_COMMA = YES;
				CLANG_WARN_CONSTANT_CONVERSION = YES;
				CLANG_WARN_DEPRECATED_OBJC_IMPLEMENTATIONS = YES;
				CLANG_WARN_DIRECT_OBJC_ISA_USAGE = YES_ERROR;
				CLANG_WARN_DOCUMENTATION_COMMENTS = YES;
				CLANG_WARN_EMPTY_BODY = YES;
				CLANG_WARN_ENUM_CONVERSION = YES;
				CLANG_WARN_INFINITE_RECURSION = YES;
				CLANG_WARN_INT_CONVERSION = YES;
				CLANG_WARN_NON_LITERAL_NULL_CONVERSION = YES;
				CLANG_WARN_OBJC_IMPLICIT_RETAIN_SELF = YES;
				CLANG_WARN_OBJC_LITERAL_CONVERSION = YES;
				CLANG_WARN_OBJC_ROOT_CLASS = YES_ERROR;
				CLANG_WARN_RANGE_LOOP_ANALYSIS = YES;
				CLANG_WARN_STRICT_PROTOTYPES = YES;
				CLANG_WARN_SUSPICIOUS_MOVE = YES;
				CLANG_WARN_UNGUARDED_AVAILABILITY = YES_AGGRESSIVE;
				CLANG_WARN_UNREACHABLE_CODE = YES;
				CLANG_WARN__DUPLICATE_METHOD_MATCH = YES;
				CODE_SIGN_IDENTITY = "iPhone Developer";
				COPY_PHASE_STRIP = NO;
				DEBUG_INFORMATION_FORMAT = "dwarf-with-dsym";
				ENABLE_NS_ASSERTIONS = NO;
				ENABLE_STRICT_OBJC_MSGSEND = YES;
				GCC_C_LANGUAGE_STANDARD = gnu11;
				GCC_NO_COMMON_BLOCKS = YES;
				GCC_WARN_64_TO_32_BIT_CONVERSION = YES;
				GCC_WARN_ABOUT_RETURN_TYPE = YES_ERROR;
				GCC_WARN_UNDECLARED_SELECTOR = YES;
				GCC_WARN_UNINITIALIZED_AUTOS = YES_AGGRESSIVE;
				GCC_WARN_UNUSED_FUNCTION = YES;
				GCC_WARN_UNUSED_VARIABLE = YES;
				IPHONEOS_DEPLOYMENT_TARGET = 12.4;
				MTL_ENABLE_DEBUG_INFO = NO;
				MTL_FAST_MATH = YES;
				SDKROOT = iphoneos;
				SWIFT_COMPILATION_MODE = wholemodule;
				SWIFT_OPTIMIZATION_LEVEL = "-O";
				VALIDATE_PRODUCT = YES;
			};
			name = Release;
		};
		739FD46E22F5DF6D00ED9760 /* Debug */ = {
			isa = XCBuildConfiguration;
			buildSettings = {
				ASSETCATALOG_COMPILER_APPICON_NAME = AppIcon;
				CODE_SIGN_STYLE = Automatic;
				DEVELOPMENT_TEAM = 24GETZ4LG8;
				INFOPLIST_FILE = Dereport/Info.plist;
				LD_RUNPATH_SEARCH_PATHS = (
					"$(inherited)",
					"@executable_path/Frameworks",
				);
				PRODUCT_BUNDLE_IDENTIFIER = work.ksprogram.Dereport;
				PRODUCT_NAME = "$(TARGET_NAME)";
				SWIFT_VERSION = 5.0;
				TARGETED_DEVICE_FAMILY = "1,2";
			};
			name = Debug;
		};
		739FD46F22F5DF6D00ED9760 /* Release */ = {
			isa = XCBuildConfiguration;
			buildSettings = {
				ASSETCATALOG_COMPILER_APPICON_NAME = AppIcon;
				CODE_SIGN_STYLE = Automatic;
				DEVELOPMENT_TEAM = 24GETZ4LG8;
				INFOPLIST_FILE = Dereport/Info.plist;
				LD_RUNPATH_SEARCH_PATHS = (
					"$(inherited)",
					"@executable_path/Frameworks",
				);
				PRODUCT_BUNDLE_IDENTIFIER = work.ksprogram.Dereport;
				PRODUCT_NAME = "$(TARGET_NAME)";
				SWIFT_VERSION = 5.0;
				TARGETED_DEVICE_FAMILY = "1,2";
			};
			name = Release;
		};
/* End XCBuildConfiguration section */

/* Begin XCConfigurationList section */
		739FD45622F5DF6C00ED9760 /* Build configuration list for PBXProject "Dereport" */ = {
			isa = XCConfigurationList;
			buildConfigurations = (
				739FD46B22F5DF6D00ED9760 /* Debug */,
				739FD46C22F5DF6D00ED9760 /* Release */,
			);
			defaultConfigurationIsVisible = 0;
			defaultConfigurationName = Release;
		};
		739FD46D22F5DF6D00ED9760 /* Build configuration list for PBXNativeTarget "Dereport" */ = {
			isa = XCConfigurationList;
			buildConfigurations = (
				739FD46E22F5DF6D00ED9760 /* Debug */,
				739FD46F22F5DF6D00ED9760 /* Release */,
			);
			defaultConfigurationIsVisible = 0;
			defaultConfigurationName = Release;
		};
/* End XCConfigurationList section */
	};
	rootObject = 739FD45322F5DF6C00ED9760 /* Project object */;
}
